
Microsoft Visual Studio Solution File, Format Version 12.00
# Visual Studio Version 17
VisualStudioVersion = 17.4.33213.308
MinimumVisualStudioVersion = 10.0.40219.1
Project("{9A19103F-16F7-4668-BE54-9A1E7A4F7556}") = "CS451R_Fundraiser", "CS451R_Fundraiser.csproj", "{D154A2F0-A3F2-4BFE-9DB1-B999ABD84548}"
EndProject
Global
	GlobalSection(SolutionConfigurationPlatforms) = preSolution
		Debug|Any CPU = Debug|Any CPU
		Release|Any CPU = Release|Any CPU
	EndGlobalSection
	GlobalSection(ProjectConfigurationPlatforms) = postSolution
		{D154A2F0-A3F2-4BFE-9DB1-B999ABD84548}.Debug|Any CPU.ActiveCfg = Debug|Any CPU
		{D154A2F0-A3F2-4BFE-9DB1-B999ABD84548}.Debug|Any CPU.Build.0 = Debug|Any CPU
		{D154A2F0-A3F2-4BFE-9DB1-B999ABD84548}.Release|Any CPU.ActiveCfg = Release|Any CPU
		{D154A2F0-A3F2-4BFE-9DB1-B999ABD84548}.Release|Any CPU.Build.0 = Release|Any CPU
	EndGlobalSection
	GlobalSection(SolutionProperties) = preSolution
		HideSolutionNode = FALSE
	EndGlobalSection
	GlobalSection(ExtensibilityGlobals) = postSolution
		SolutionGuid = {2E389D2C-8614-41CB-95B8-B70D9B8093C8}
	EndGlobalSection
EndGlobal
